// !$*UTF8*$!
{
	archiveVersion = 1;
	classes = {
	};
	objectVersion = 50;
	objects = {

/* Begin PBXBuildFile section */
		BDC4024528D324D90062BF64 /* AppDelegate.swift in Sources */ = {isa = PBXBuildFile; fileRef = BDC4024428D324D90062BF64 /* AppDelegate.swift */; };
		BDC4024728D324D90062BF64 /* SceneDelegate.swift in Sources */ = {isa = PBXBuildFile; fileRef = BDC4024628D324D90062BF64 /* SceneDelegate.swift */; };
		BDC4024928D324D90062BF64 /* ViewController.swift in Sources */ = {isa = PBXBuildFile; fileRef = BDC4024828D324D90062BF64 /* ViewController.swift */; };
		BDC4024C28D324D90062BF64 /* Main.storyboard in Resources */ = {isa = PBXBuildFile; fileRef = BDC4024A28D324D90062BF64 /* Main.storyboard */; };
		BDC4024E28D324DC0062BF64 /* Assets.xcassets in Resources */ = {isa = PBXBuildFile; fileRef = BDC4024D28D324DC0062BF64 /* Assets.xcassets */; };
		BDC4025128D324DC0062BF64 /* LaunchScreen.storyboard in Resources */ = {isa = PBXBuildFile; fileRef = BDC4024F28D324DC0062BF64 /* LaunchScreen.storyboard */; };
/* End PBXBuildFile section */

/* Begin PBXFileReference section */
		BDC4024128D324D90062BF64 /* Udder.app */ = {isa = PBXFileReference; explicitFileType = wrapper.application; includeInIndex = 0; path = Udder.app; sourceTree = BUILT_PRODUCTS_DIR; };
		BDC4024428D324D90062BF64 /* AppDelegate.swift */ = {isa = PBXFileReference; lastKnownFileType = sourcecode.swift; path = AppDelegate.swift; sourceTree = "<group>"; };
		BDC4024628D324D90062BF64 /* SceneDelegate.swift */ = {isa = PBXFileReference; lastKnownFileType = sourcecode.swift; path = SceneDelegate.swift; sourceTree = "<group>"; };
		BDC4024828D324D90062BF64 /* ViewController.swift */ = {isa = PBXFileReference; lastKnownFileType = sourcecode.swift; path = ViewController.swift; sourceTree = "<group>"; };
		BDC4024B28D324D90062BF64 /* Base */ = {isa = PBXFileReference; lastKnownFileType = file.storyboard; name = Base; path = Base.lproj/Main.storyboard; sourceTree = "<group>"; };
		BDC4024D28D324DC0062BF64 /* Assets.xcassets */ = {isa = PBXFileReference; lastKnownFileType = folder.assetcatalog; path = Assets.xcassets; sourceTree = "<group>"; };
		BDC4025028D324DC0062BF64 /* Base */ = {isa = PBXFileReference; lastKnownFileType = file.storyboard; name = Base; path = Base.lproj/LaunchScreen.storyboard; sourceTree = "<group>"; };
		BDC4025228D324DC0062BF64 /* Info.plist */ = {isa = PBXFileReference; lastKnownFileType = text.plist.xml; path = Info.plist; sourceTree = "<group>"; };
/* End PBXFileReference section */

/* Begin PBXFrameworksBuildPhase section */
		BDC4023E28D324D90062BF64 /* Frameworks */ = {
			isa = PBXFrameworksBuildPhase;
			buildActionMask = 2147483647;
			files = (
			);
			runOnlyForDeploymentPostprocessing = 0;
		};
/* End PBXFrameworksBuildPhase section */

/* Begin PBXGroup section */
		BDC4023828D324D90062BF64 = {
			isa = PBXGroup;
			children = (
				BDC4024328D324D90062BF64 /* Udder */,
				BDC4024228D324D90062BF64 /* Products */,
			);
			sourceTree = "<group>";
		};
		BDC4024228D324D90062BF64 /* Products */ = {
			isa = PBXGroup;
			children = (
				BDC4024128D324D90062BF64 /* Udder.app */,
			);
			name = Products;
			sourceTree = "<group>";
		};
		BDC4024328D324D90062BF64 /* Udder */ = {
			isa = PBXGroup;
			children = (
				BDC4024428D324D90062BF64 /* AppDelegate.swift */,
				BDC4024628D324D90062BF64 /* SceneDelegate.swift */,
				BDC4024828D324D90062BF64 /* ViewController.swift */,
				BDC4024A28D324D90062BF64 /* Main.storyboard */,
				BDC4024D28D324DC0062BF64 /* Assets.xcassets */,
				BDC4024F28D324DC0062BF64 /* LaunchScreen.storyboard */,
				BDC4025228D324DC0062BF64 /* Info.plist */,
			);
			path = Udder;
			sourceTree = "<group>";
		};
/* End PBXGroup section */

/* Begin PBXNativeTarget section */
		BDC4024028D324D90062BF64 /* Udder */ = {
			isa = PBXNativeTarget;
			buildConfigurationList = BDC4025528D324DC0062BF64 /* Build configuration list for PBXNativeTarget "Udder" */;
			buildPhases = (
				BDC4023D28D324D90062BF64 /* Sources */,
				BDC4023E28D324D90062BF64 /* Frameworks */,
				BDC4023F28D324D90062BF64 /* Resources */,
			);
			buildRules = (
			);
			dependencies = (
			);
			name = Udder;
			productName = Udder;
			productReference = BDC4024128D324D90062BF64 /* Udder.app */;
			productType = "com.apple.product-type.application";
		};
/* End PBXNativeTarget section */

/* Begin PBXProject section */
		BDC4023928D324D90062BF64 /* Project object */ = {
			isa = PBXProject;
			attributes = {
				LastSwiftUpdateCheck = 1250;
				LastUpgradeCheck = 1250;
				TargetAttributes = {
					BDC4024028D324D90062BF64 = {
						CreatedOnToolsVersion = 12.5;
					};
				};
			};
			buildConfigurationList = BDC4023C28D324D90062BF64 /* Build configuration list for PBXProject "Udder" */;
			compatibilityVersion = "Xcode 9.3";
			developmentRegion = en;
			hasScannedForEncodings = 0;
			knownRegions = (
				en,
				Base,
			);
			mainGroup = BDC4023828D324D90062BF64;
			productRefGroup = BDC4024228D324D90062BF64 /* Products */;
			projectDirPath = "";
			projectRoot = "";
			targets = (
				BDC4024028D324D90062BF64 /* Udder */,
			);
		};
/* End PBXProject section */

/* Begin PBXResourcesBuildPhase section */
		BDC4023F28D324D90062BF64 /* Resources */ = {
			isa = PBXResourcesBuildPhase;
			buildActionMask = 2147483647;
			files = (
				BDC4025128D324DC0062BF64 /* LaunchScreen.storyboard in Resources */,
				BDC4024E28D324DC0062BF64 /* Assets.xcassets in Resources */,
				BDC4024C28D324D90062BF64 /* Main.storyboard in Resources */,
			);
			runOnlyForDeploymentPostprocessing = 0;
		};
/* End PBXResourcesBuildPhase section */

/* Begin PBXSourcesBuildPhase section */
		BDC4023D28D324D90062BF64 /* Sources */ = {
			isa = PBXSourcesBuildPhase;
			buildActionMask = 2147483647;
			files = (
				BDC4024928D324D90062BF64 /* ViewController.swift in Sources */,
				BDC4024528D324D90062BF64 /* AppDelegate.swift in Sources */,
				BDC4024728D324D90062BF64 /* SceneDelegate.swift in Sources */,
			);
			runOnlyForDeploymentPostprocessing = 0;
		};
/* End PBXSourcesBuildPhase section */

/* Begin PBXVariantGroup section */
		BDC4024A28D324D90062BF64 /* Main.storyboard */ = {
			isa = PBXVariantGroup;
			children = (
				BDC4024B28D324D90062BF64 /* Base */,
			);
			name = Main.storyboard;
			sourceTree = "<group>";
		};
		BDC4024F28D324DC0062BF64 /* LaunchScreen.storyboard */ = {
			isa = PBXVariantGroup;
			children = (
				BDC4025028D324DC0062BF64 /* Base */,
			);
			name = LaunchScreen.storyboard;
			sourceTree = "<group>";
		};
/* End PBXVariantGroup section */

/* Begin XCBuildConfiguration section */
		BDC4025328D324DC0062BF64 /* Debug */ = {
			isa = XCBuildConfiguration;
			buildSettings = {
				ALWAYS_SEARCH_USER_PATHS = NO;
				CLANG_ANALYZER_NONNULL = YES;
				CLANG_ANALYZER_NUMBER_OBJECT_CONVERSION = YES_AGGRESSIVE;
				CLANG_CXX_LANGUAGE_STANDARD = "gnu++14";
				CLANG_CXX_LIBRARY = "libc++";
				CLANG_ENABLE_MODULES = YES;
				CLANG_ENABLE_OBJC_ARC = YES;
				CLANG_ENABLE_OBJC_WEAK = YES;
				CLANG_WARN_BLOCK_CAPTURE_AUTORELEASING = YES;
				CLANG_WARN_BOOL_CONVERSION = YES;
				CLANG_WARN_COMMA = YES;
				CLANG_WARN_CONSTANT_CONVERSION = YES;
				CLANG_WARN_DEPRECATED_OBJC_IMPLEMENTATIONS = YES;
				CLANG_WARN_DIRECT_OBJC_ISA_USAGE = YES_ERROR;
				CLANG_WARN_DOCUMENTATION_COMMENTS = YES;
				CLANG_WARN_EMPTY_BODY = YES;
				CLANG_WARN_ENUM_CONVERSION = YES;
				CLANG_WARN_INFINITE_RECURSION = YES;
				CLANG_WARN_INT_CONVERSION = YES;
				CLANG_WARN_NON_LITERAL_NULL_CONVERSION = YES;
				CLANG_WARN_OBJC_IMPLICIT_RETAIN_SELF = YES;
				CLANG_WARN_OBJC_LITERAL_CONVERSION = YES;
				CLANG_WARN_OBJC_ROOT_CLASS = YES_ERROR;
				CLANG_WARN_QUOTED_INCLUDE_IN_FRAMEWORK_HEADER = YES;
				CLANG_WARN_RANGE_LOOP_ANALYSIS = YES;
				CLANG_WARN_STRICT_PROTOTYPES = YES;
				CLANG_WARN_SUSPICIOUS_MOVE = YES;
				CLANG_WARN_UNGUARDED_AVAILABILITY = YES_AGGRESSIVE;
				CLANG_WARN_UNREACHABLE_CODE = YES;
				CLANG_WARN__DUPLICATE_METHOD_MATCH = YES;
				COPY_PHASE_STRIP = NO;
				DEBUG_INFORMATION_FORMAT = dwarf;
				ENABLE_STRICT_OBJC_MSGSEND = YES;
				ENABLE_TESTABILITY = YES;
				GCC_C_LANGUAGE_STANDARD = gnu11;
				GCC_DYNAMIC_NO_PIC = NO;
				GCC_NO_COMMON_BLOCKS = YES;
				GCC_OPTIMIZATION_LEVEL = 0;
				GCC_PREPROCESSOR_DEFINITIONS = (
					"DEBUG=1",
					"$(inherited)",
				);
				GCC_WARN_64_TO_32_BIT_CONVERSION = YES;
				GCC_WARN_ABOUT_RETURN_TYPE = YES_ERROR;
				GCC_WARN_UNDECLARED_SELECTOR = YES;
				GCC_WARN_UNINITIALIZED_AUTOS = YES_AGGRESSIVE;
				GCC_WARN_UNUSED_FUNCTION = YES;
				GCC_WARN_UNUSED_VARIABLE = YES;
				IPHONEOS_DEPLOYMENT_TARGET = 14.5;
				MTL_ENABLE_DEBUG_INFO = INCLUDE_SOURCE;
				MTL_FAST_MATH = YES;
				ONLY_ACTIVE_ARCH = YES;
				SDKROOT = iphoneos;
				SWIFT_ACTIVE_COMPILATION_CONDITIONS = DEBUG;
				SWIFT_OPTIMIZATION_LEVEL = "-Onone";
			};
			name = Debug;
		};
		BDC4025428D324DC0062BF64 /* Release */ = {
			isa = XCBuildConfiguration;
			buildSettings = {
				ALWAYS_SEARCH_USER_PATHS = NO;
				CLANG_ANALYZER_NONNULL = YES;
				CLANG_ANALYZER_NUMBER_OBJECT_CONVERSION = YES_AGGRESSIVE;
				CLANG_CXX_LANGUAGE_STANDARD = "gnu++14";
				CLANG_CXX_LIBRARY = "libc++";
				CLANG_ENABLE_MODULES = YES;
				CLANG_ENABLE_OBJC_ARC = YES;
				CLANG_ENABLE_OBJC_WEAK = YES;
				CLANG_WARN_BLOCK_CAPTURE_AUTORELEASING = YES;
				CLANG_WARN_BOOL_CONVERSION = YES;
				CLANG_WARN_COMMA = YES;
				CLANG_WARN_CONSTANT_CONVERSION = YES;
				CLANG_WARN_DEPRECATED_OBJC_IMPLEMENTATIONS = YES;
				CLANG_WARN_DIRECT_OBJC_ISA_USAGE = YES_ERROR;
				CLANG_WARN_DOCUMENTATION_COMMENTS = YES;
				CLANG_WARN_EMPTY_BODY = YES;
				CLANG_WARN_ENUM_CONVERSION = YES;
				CLANG_WARN_INFINITE_RECURSION = YES;
				CLANG_WARN_INT_CONVERSION = YES;
				CLANG_WARN_NON_LITERAL_NULL_CONVERSION = YES;
				CLANG_WARN_OBJC_IMPLICIT_RETAIN_SELF = YES;
				CLANG_WARN_OBJC_LITERAL_CONVERSION = YES;
				CLANG_WARN_OBJC_ROOT_CLASS = YES_ERROR;
				CLANG_WARN_QUOTED_INCLUDE_IN_FRAMEWORK_HEADER = YES;
				CLANG_WARN_RANGE_LOOP_ANALYSIS = YES;
				CLANG_WARN_STRICT_PROTOTYPES = YES;
				CLANG_WARN_SUSPICIOUS_MOVE = YES;
				CLANG_WARN_UNGUARDED_AVAILABILITY = YES_AGGRESSIVE;
				CLANG_WARN_UNREACHABLE_CODE = YES;
				CLANG_WARN__DUPLICATE_METHOD_MATCH = YES;
				COPY_PHASE_STRIP = NO;
				DEBUG_INFORMATION_FORMAT = "dwarf-with-dsym";
				ENABLE_NS_ASSERTIONS = NO;
				ENABLE_STRICT_OBJC_MSGSEND = YES;
				GCC_C_LANGUAGE_STANDARD = gnu11;
				GCC_NO_COMMON_BLOCKS = YES;
				GCC_WARN_64_TO_32_BIT_CONVERSION = YES;
				GCC_WARN_ABOUT_RETURN_TYPE = YES_ERROR;
				GCC_WARN_UNDECLARED_SELECTOR = YES;
				GCC_WARN_UNINITIALIZED_AUTOS = YES_AGGRESSIVE;
				GCC_WARN_UNUSED_FUNCTION = YES;
				GCC_WARN_UNUSED_VARIABLE = YES;
				IPHONEOS_DEPLOYMENT_TARGET = 14.5;
				MTL_ENABLE_DEBUG_INFO = NO;
				MTL_FAST_MATH = YES;
				SDKROOT = iphoneos;
				SWIFT_COMPILATION_MODE = wholemodule;
				SWIFT_OPTIMIZATION_LEVEL = "-O";
				VALIDATE_PRODUCT = YES;
			};
			name = Release;
		};
		BDC4025628D324DC0062BF64 /* Debug */ = {
			isa = XCBuildConfiguration;
			buildSettings = {
				ASSETCATALOG_COMPILER_APPICON_NAME = AppIcon;
				ASSETCATALOG_COMPILER_GLOBAL_ACCENT_COLOR_NAME = AccentColor;
				CODE_SIGN_STYLE = Automatic;
				DEVELOPMENT_TEAM = T7LP7GCLNL;
				INFOPLIST_FILE = Udder/Info.plist;
				LD_RUNPATH_SEARCH_PATHS = (
					"$(inherited)",
					"@executable_path/Frameworks",
				);
				PRODUCT_BUNDLE_IDENTIFIER = momen.Udder;
				PRODUCT_NAME = "$(TARGET_NAME)";
				SWIFT_VERSION = 5.0;
				TARGETED_DEVICE_FAMILY = "1,2";
			};
			name = Debug;
		};
		BDC4025728D324DC0062BF64 /* Release */ = {
			isa = XCBuildConfiguration;
			buildSettings = {
				ASSETCATALOG_COMPILER_APPICON_NAME = AppIcon;
				ASSETCATALOG_COMPILER_GLOBAL_ACCENT_COLOR_NAME = AccentColor;
				CODE_SIGN_STYLE = Automatic;
				DEVELOPMENT_TEAM = T7LP7GCLNL;
				INFOPLIST_FILE = Udder/Info.plist;
				LD_RUNPATH_SEARCH_PATHS = (
					"$(inherited)",
					"@executable_path/Frameworks",
				);
				PRODUCT_BUNDLE_IDENTIFIER = momen.Udder;
				PRODUCT_NAME = "$(TARGET_NAME)";
				SWIFT_VERSION = 5.0;
				TARGETED_DEVICE_FAMILY = "1,2";
			};
			name = Release;
		};
/* End XCBuildConfiguration section */

/* Begin XCConfigurationList section */
		BDC4023C28D324D90062BF64 /* Build configuration list for PBXProject "Udder" */ = {
			isa = XCConfigurationList;
			buildConfigurations = (
				BDC4025328D324DC0062BF64 /* Debug */,
				BDC4025428D324DC0062BF64 /* Release */,
			);
			defaultConfigurationIsVisible = 0;
			defaultConfigurationName = Release;
		};
		BDC4025528D324DC0062BF64 /* Build configuration list for PBXNativeTarget "Udder" */ = {
			isa = XCConfigurationList;
			buildConfigurations = (
				BDC4025628D324DC0062BF64 /* Debug */,
				BDC4025728D324DC0062BF64 /* Release */,
			);
			defaultConfigurationIsVisible = 0;
			defaultConfigurationName = Release;
		};
/* End XCConfigurationList section */
	};
	rootObject = BDC4023928D324D90062BF64 /* Project object */;
}
